
Microsoft Visual Studio Solution File, Format Version 12.00
# Visual Studio Version 17
VisualStudioVersion = 17.11.35327.3
MinimumVisualStudioVersion = 10.0.40219.1
Project("{FAE04EC0-301F-11D3-BF4B-00C04F79EFBC}") = "PersonalItManagement.Api", "PersonalItManagement.Api\PersonalItManagement.Api.csproj", "{5FB6B9A6-3526-46BF-A1FC-BEE26F839BCD}"
EndProject
Project("{FAE04EC0-301F-11D3-BF4B-00C04F79EFBC}") = "PersonalItManagement.Data", "PersonalItManagement.Data\PersonalItManagement.Data.csproj", "{6FE08816-B22C-4905-95E1-1EDE880F351B}"
EndProject
Project("{FAE04EC0-301F-11D3-BF4B-00C04F79EFBC}") = "PersonalItManagement.Services", "PersonalItManagement.Services\PersonalItManagement.Services.csproj", "{4556067D-7480-46BA-85B3-A4E2D51BAFE2}"
EndProject
Global
	GlobalSection(SolutionConfigurationPlatforms) = preSolution
		Debug|Any CPU = Debug|Any CPU
		Release|Any CPU = Release|Any CPU
	EndGlobalSection
	GlobalSection(ProjectConfigurationPlatforms) = postSolution
		{5FB6B9A6-3526-46BF-A1FC-BEE26F839BCD}.Debug|Any CPU.ActiveCfg = Debug|Any CPU
		{5FB6B9A6-3526-46BF-A1FC-BEE26F839BCD}.Debug|Any CPU.Build.0 = Debug|Any CPU
		{5FB6B9A6-3526-46BF-A1FC-BEE26F839BCD}.Release|Any CPU.ActiveCfg = Release|Any CPU
		{5FB6B9A6-3526-46BF-A1FC-BEE26F839BCD}.Release|Any CPU.Build.0 = Release|Any CPU
		{6FE08816-B22C-4905-95E1-1EDE880F351B}.Debug|Any CPU.ActiveCfg = Debug|Any CPU
		{6FE08816-B22C-4905-95E1-1EDE880F351B}.Debug|Any CPU.Build.0 = Debug|Any CPU
		{6FE08816-B22C-4905-95E1-1EDE880F351B}.Release|Any CPU.ActiveCfg = Release|Any CPU
		{6FE08816-B22C-4905-95E1-1EDE880F351B}.Release|Any CPU.Build.0 = Release|Any CPU
		{4556067D-7480-46BA-85B3-A4E2D51BAFE2}.Debug|Any CPU.ActiveCfg = Debug|Any CPU
		{4556067D-7480-46BA-85B3-A4E2D51BAFE2}.Debug|Any CPU.Build.0 = Debug|Any CPU
		{4556067D-7480-46BA-85B3-A4E2D51BAFE2}.Release|Any CPU.ActiveCfg = Release|Any CPU
		{4556067D-7480-46BA-85B3-A4E2D51BAFE2}.Release|Any CPU.Build.0 = Release|Any CPU
	EndGlobalSection
	GlobalSection(SolutionProperties) = preSolution
		HideSolutionNode = FALSE
	EndGlobalSection
	GlobalSection(ExtensibilityGlobals) = postSolution
		SolutionGuid = {2B99DDEB-CD3A-4794-8AEB-679CF98EABC8}
	EndGlobalSection
EndGlobal
